// !$*UTF8*$!
{
	archiveVersion = 1;
	classes = {
	};
	objectVersion = 56;
	objects = {

/* Begin PBXBuildFile section */
		328171702D033E55000D8938 /* AppDelegate.swift in Sources */ = {isa = PBXBuildFile; fileRef = 3281716F2D033E55000D8938 /* AppDelegate.swift */; };
		328171722D033E55000D8938 /* SceneDelegate.swift in Sources */ = {isa = PBXBuildFile; fileRef = 328171712D033E55000D8938 /* SceneDelegate.swift */; };
		328171742D033E55000D8938 /* HomeViewController.swift in Sources */ = {isa = PBXBuildFile; fileRef = 328171732D033E55000D8938 /* HomeViewController.swift */; };
		328171772D033E55000D8938 /* Base in Resources */ = {isa = PBXBuildFile; fileRef = 328171762D033E55000D8938 /* Base */; };
		328171792D033E56000D8938 /* Assets.xcassets in Resources */ = {isa = PBXBuildFile; fileRef = 328171782D033E56000D8938 /* Assets.xcassets */; };
		3281717C2D033E56000D8938 /* Base in Resources */ = {isa = PBXBuildFile; fileRef = 3281717B2D033E56000D8938 /* Base */; };
		58DFD8582D04606200112FA4 /* SearchBarWithMic.swift in Sources */ = {isa = PBXBuildFile; fileRef = 58DFD8572D04606200112FA4 /* SearchBarWithMic.swift */; };
		58DFD85C2D04618200112FA4 /* CustomHeaderView.swift in Sources */ = {isa = PBXBuildFile; fileRef = 58DFD85B2D04618200112FA4 /* CustomHeaderView.swift */; };
		58DFD85E2D0461B200112FA4 /* CustomHeaderView.xib in Resources */ = {isa = PBXBuildFile; fileRef = 58DFD85D2D0461B200112FA4 /* CustomHeaderView.xib */; };
		58DFD85F2D04674500112FA4 /* LaunchScreen.storyboard in Resources */ = {isa = PBXBuildFile; fileRef = 3281717A2D033E56000D8938 /* LaunchScreen.storyboard */; };
		58DFD8632D04779C00112FA4 /* bannerSliderTableViewCell.swift in Sources */ = {isa = PBXBuildFile; fileRef = 58DFD8612D04779C00112FA4 /* bannerSliderTableViewCell.swift */; };
		58DFD8642D04779C00112FA4 /* bannerSliderTableViewCell.xib in Resources */ = {isa = PBXBuildFile; fileRef = 58DFD8622D04779C00112FA4 /* bannerSliderTableViewCell.xib */; };
		58DFD8682D047DBF00112FA4 /* BannerCollectionViewCell.swift in Sources */ = {isa = PBXBuildFile; fileRef = 58DFD8662D047DBF00112FA4 /* BannerCollectionViewCell.swift */; };
		58DFD8692D047DBF00112FA4 /* BannerCollectionViewCell.xib in Resources */ = {isa = PBXBuildFile; fileRef = 58DFD8672D047DBF00112FA4 /* BannerCollectionViewCell.xib */; };
		58DFD86C2D048BBE00112FA4 /* ButtonsTableViewCell.swift in Sources */ = {isa = PBXBuildFile; fileRef = 58DFD86A2D048BBE00112FA4 /* ButtonsTableViewCell.swift */; };
		58DFD86D2D048BBE00112FA4 /* ButtonsTableViewCell.xib in Resources */ = {isa = PBXBuildFile; fileRef = 58DFD86B2D048BBE00112FA4 /* ButtonsTableViewCell.xib */; };
		58DFD8702D048C2D00112FA4 /* ButtonsCollectionViewCell.swift in Sources */ = {isa = PBXBuildFile; fileRef = 58DFD86E2D048C2D00112FA4 /* ButtonsCollectionViewCell.swift */; };
		58DFD8712D048C2D00112FA4 /* ButtonsCollectionViewCell.xib in Resources */ = {isa = PBXBuildFile; fileRef = 58DFD86F2D048C2D00112FA4 /* ButtonsCollectionViewCell.xib */; };
		58DFD8732D048E0900112FA4 /* CustomButton.swift in Sources */ = {isa = PBXBuildFile; fileRef = 58DFD8722D048E0900112FA4 /* CustomButton.swift */; };
		58DFD8752D04915E00112FA4 /* ButtonModel.swift in Sources */ = {isa = PBXBuildFile; fileRef = 58DFD8742D04915E00112FA4 /* ButtonModel.swift */; };
		58DFD8782D04A51700112FA4 /* FoodTableViewCell.swift in Sources */ = {isa = PBXBuildFile; fileRef = 58DFD8762D04A51700112FA4 /* FoodTableViewCell.swift */; };
		58DFD8792D04A51700112FA4 /* FoodTableViewCell.xib in Resources */ = {isa = PBXBuildFile; fileRef = 58DFD8772D04A51700112FA4 /* FoodTableViewCell.xib */; };
		58DFD87C2D04A58900112FA4 /* FoodCollectionViewCell.swift in Sources */ = {isa = PBXBuildFile; fileRef = 58DFD87A2D04A58900112FA4 /* FoodCollectionViewCell.swift */; };
		58DFD87D2D04A58900112FA4 /* FoodCollectionViewCell.xib in Resources */ = {isa = PBXBuildFile; fileRef = 58DFD87B2D04A58900112FA4 /* FoodCollectionViewCell.xib */; };
/* End PBXBuildFile section */

/* Begin PBXFileReference section */
		3281716C2D033E55000D8938 /* SwiggyAssignment.app */ = {isa = PBXFileReference; explicitFileType = wrapper.application; includeInIndex = 0; path = SwiggyAssignment.app; sourceTree = BUILT_PRODUCTS_DIR; };
		3281716F2D033E55000D8938 /* AppDelegate.swift */ = {isa = PBXFileReference; lastKnownFileType = sourcecode.swift; path = AppDelegate.swift; sourceTree = "<group>"; };
		328171712D033E55000D8938 /* SceneDelegate.swift */ = {isa = PBXFileReference; lastKnownFileType = sourcecode.swift; path = SceneDelegate.swift; sourceTree = "<group>"; };
		328171732D033E55000D8938 /* HomeViewController.swift */ = {isa = PBXFileReference; lastKnownFileType = sourcecode.swift; path = HomeViewController.swift; sourceTree = "<group>"; };
		328171762D033E55000D8938 /* Base */ = {isa = PBXFileReference; lastKnownFileType = file.storyboard; name = Base; path = Base.lproj/Main.storyboard; sourceTree = "<group>"; };
		328171782D033E56000D8938 /* Assets.xcassets */ = {isa = PBXFileReference; lastKnownFileType = folder.assetcatalog; path = Assets.xcassets; sourceTree = "<group>"; };
		3281717B2D033E56000D8938 /* Base */ = {isa = PBXFileReference; lastKnownFileType = file.storyboard; name = Base; path = Base.lproj/LaunchScreen.storyboard; sourceTree = "<group>"; };
		3281717D2D033E56000D8938 /* Info.plist */ = {isa = PBXFileReference; lastKnownFileType = text.plist.xml; path = Info.plist; sourceTree = "<group>"; };
		58DFD8572D04606200112FA4 /* SearchBarWithMic.swift */ = {isa = PBXFileReference; lastKnownFileType = sourcecode.swift; path = SearchBarWithMic.swift; sourceTree = "<group>"; };
		58DFD85B2D04618200112FA4 /* CustomHeaderView.swift */ = {isa = PBXFileReference; lastKnownFileType = sourcecode.swift; path = CustomHeaderView.swift; sourceTree = "<group>"; };
		58DFD85D2D0461B200112FA4 /* CustomHeaderView.xib */ = {isa = PBXFileReference; lastKnownFileType = file.xib; path = CustomHeaderView.xib; sourceTree = "<group>"; };
		58DFD8612D04779C00112FA4 /* bannerSliderTableViewCell.swift */ = {isa = PBXFileReference; lastKnownFileType = sourcecode.swift; path = bannerSliderTableViewCell.swift; sourceTree = "<group>"; };
		58DFD8622D04779C00112FA4 /* bannerSliderTableViewCell.xib */ = {isa = PBXFileReference; lastKnownFileType = file.xib; path = bannerSliderTableViewCell.xib; sourceTree = "<group>"; };
		58DFD8662D047DBF00112FA4 /* BannerCollectionViewCell.swift */ = {isa = PBXFileReference; lastKnownFileType = sourcecode.swift; path = BannerCollectionViewCell.swift; sourceTree = "<group>"; };
		58DFD8672D047DBF00112FA4 /* BannerCollectionViewCell.xib */ = {isa = PBXFileReference; lastKnownFileType = file.xib; path = BannerCollectionViewCell.xib; sourceTree = "<group>"; };
		58DFD86A2D048BBE00112FA4 /* ButtonsTableViewCell.swift */ = {isa = PBXFileReference; lastKnownFileType = sourcecode.swift; path = ButtonsTableViewCell.swift; sourceTree = "<group>"; };
		58DFD86B2D048BBE00112FA4 /* ButtonsTableViewCell.xib */ = {isa = PBXFileReference; lastKnownFileType = file.xib; path = ButtonsTableViewCell.xib; sourceTree = "<group>"; };
		58DFD86E2D048C2D00112FA4 /* ButtonsCollectionViewCell.swift */ = {isa = PBXFileReference; lastKnownFileType = sourcecode.swift; path = ButtonsCollectionViewCell.swift; sourceTree = "<group>"; };
		58DFD86F2D048C2D00112FA4 /* ButtonsCollectionViewCell.xib */ = {isa = PBXFileReference; lastKnownFileType = file.xib; path = ButtonsCollectionViewCell.xib; sourceTree = "<group>"; };
		58DFD8722D048E0900112FA4 /* CustomButton.swift */ = {isa = PBXFileReference; lastKnownFileType = sourcecode.swift; path = CustomButton.swift; sourceTree = "<group>"; };
		58DFD8742D04915E00112FA4 /* ButtonModel.swift */ = {isa = PBXFileReference; lastKnownFileType = sourcecode.swift; path = ButtonModel.swift; sourceTree = "<group>"; };
		58DFD8762D04A51700112FA4 /* FoodTableViewCell.swift */ = {isa = PBXFileReference; lastKnownFileType = sourcecode.swift; path = FoodTableViewCell.swift; sourceTree = "<group>"; };
		58DFD8772D04A51700112FA4 /* FoodTableViewCell.xib */ = {isa = PBXFileReference; lastKnownFileType = file.xib; path = FoodTableViewCell.xib; sourceTree = "<group>"; };
		58DFD87A2D04A58900112FA4 /* FoodCollectionViewCell.swift */ = {isa = PBXFileReference; lastKnownFileType = sourcecode.swift; path = FoodCollectionViewCell.swift; sourceTree = "<group>"; };
		58DFD87B2D04A58900112FA4 /* FoodCollectionViewCell.xib */ = {isa = PBXFileReference; lastKnownFileType = file.xib; path = FoodCollectionViewCell.xib; sourceTree = "<group>"; };
/* End PBXFileReference section */

/* Begin PBXFrameworksBuildPhase section */
		328171692D033E55000D8938 /* Frameworks */ = {
			isa = PBXFrameworksBuildPhase;
			buildActionMask = 2147483647;
			files = (
			);
			runOnlyForDeploymentPostprocessing = 0;
		};
/* End PBXFrameworksBuildPhase section */

/* Begin PBXGroup section */
		328171632D033E54000D8938 = {
			isa = PBXGroup;
			children = (
				3281716E2D033E55000D8938 /* SwiggyAssignment */,
				3281716D2D033E55000D8938 /* Products */,
			);
			sourceTree = "<group>";
		};
		3281716D2D033E55000D8938 /* Products */ = {
			isa = PBXGroup;
			children = (
				3281716C2D033E55000D8938 /* SwiggyAssignment.app */,
			);
			name = Products;
			sourceTree = "<group>";
		};
		3281716E2D033E55000D8938 /* SwiggyAssignment */ = {
			isa = PBXGroup;
			children = (
				58DFD8652D047D9700112FA4 /* CustomCVCells */,
				58DFD8602D04775900112FA4 /* CustomTVCells */,
				58DFD8562D045FC000112FA4 /* Utility */,
				328171852D033E7B000D8938 /* Controller */,
				328171842D033E75000D8938 /* View */,
				328171832D033E6A000D8938 /* Model */,
				3281716F2D033E55000D8938 /* AppDelegate.swift */,
				328171712D033E55000D8938 /* SceneDelegate.swift */,
				3281717A2D033E56000D8938 /* LaunchScreen.storyboard */,
				328171782D033E56000D8938 /* Assets.xcassets */,
				3281717D2D033E56000D8938 /* Info.plist */,
			);
			path = SwiggyAssignment;
			sourceTree = "<group>";
		};
		328171832D033E6A000D8938 /* Model */ = {
			isa = PBXGroup;
			children = (
				58DFD8742D04915E00112FA4 /* ButtonModel.swift */,
			);
			path = Model;
			sourceTree = "<group>";
		};
		328171842D033E75000D8938 /* View */ = {
			isa = PBXGroup;
			children = (
				328171752D033E55000D8938 /* Main.storyboard */,
			);
			path = View;
			sourceTree = "<group>";
		};
		328171852D033E7B000D8938 /* Controller */ = {
			isa = PBXGroup;
			children = (
				328171732D033E55000D8938 /* HomeViewController.swift */,
			);
			path = Controller;
			sourceTree = "<group>";
		};
		58DFD8562D045FC000112FA4 /* Utility */ = {
			isa = PBXGroup;
			children = (
				58DFD8572D04606200112FA4 /* SearchBarWithMic.swift */,
				58DFD85B2D04618200112FA4 /* CustomHeaderView.swift */,
				58DFD85D2D0461B200112FA4 /* CustomHeaderView.xib */,
				58DFD8722D048E0900112FA4 /* CustomButton.swift */,
			);
			path = Utility;
			sourceTree = "<group>";
		};
		58DFD8602D04775900112FA4 /* CustomTVCells */ = {
			isa = PBXGroup;
			children = (
				58DFD8612D04779C00112FA4 /* bannerSliderTableViewCell.swift */,
				58DFD8622D04779C00112FA4 /* bannerSliderTableViewCell.xib */,
				58DFD86A2D048BBE00112FA4 /* ButtonsTableViewCell.swift */,
				58DFD86B2D048BBE00112FA4 /* ButtonsTableViewCell.xib */,
				58DFD8762D04A51700112FA4 /* FoodTableViewCell.swift */,
				58DFD8772D04A51700112FA4 /* FoodTableViewCell.xib */,
			);
			path = CustomTVCells;
			sourceTree = "<group>";
		};
		58DFD8652D047D9700112FA4 /* CustomCVCells */ = {
			isa = PBXGroup;
			children = (
				58DFD8662D047DBF00112FA4 /* BannerCollectionViewCell.swift */,
				58DFD8672D047DBF00112FA4 /* BannerCollectionViewCell.xib */,
				58DFD86E2D048C2D00112FA4 /* ButtonsCollectionViewCell.swift */,
				58DFD86F2D048C2D00112FA4 /* ButtonsCollectionViewCell.xib */,
				58DFD87A2D04A58900112FA4 /* FoodCollectionViewCell.swift */,
				58DFD87B2D04A58900112FA4 /* FoodCollectionViewCell.xib */,
			);
			path = CustomCVCells;
			sourceTree = "<group>";
		};
/* End PBXGroup section */

/* Begin PBXNativeTarget section */
		3281716B2D033E55000D8938 /* SwiggyAssignment */ = {
			isa = PBXNativeTarget;
			buildConfigurationList = 328171802D033E56000D8938 /* Build configuration list for PBXNativeTarget "SwiggyAssignment" */;
			buildPhases = (
				328171682D033E55000D8938 /* Sources */,
				328171692D033E55000D8938 /* Frameworks */,
				3281716A2D033E55000D8938 /* Resources */,
			);
			buildRules = (
			);
			dependencies = (
			);
			name = SwiggyAssignment;
			productName = SwiggyAssignment;
			productReference = 3281716C2D033E55000D8938 /* SwiggyAssignment.app */;
			productType = "com.apple.product-type.application";
		};
/* End PBXNativeTarget section */

/* Begin PBXProject section */
		328171642D033E54000D8938 /* Project object */ = {
			isa = PBXProject;
			attributes = {
				BuildIndependentTargetsInParallel = 1;
				LastSwiftUpdateCheck = 1540;
				LastUpgradeCheck = 1540;
				TargetAttributes = {
					3281716B2D033E55000D8938 = {
						CreatedOnToolsVersion = 15.4;
					};
				};
			};
			buildConfigurationList = 328171672D033E54000D8938 /* Build configuration list for PBXProject "SwiggyAssignment" */;
			compatibilityVersion = "Xcode 14.0";
			developmentRegion = en;
			hasScannedForEncodings = 0;
			knownRegions = (
				en,
				Base,
			);
			mainGroup = 328171632D033E54000D8938;
			productRefGroup = 3281716D2D033E55000D8938 /* Products */;
			projectDirPath = "";
			projectRoot = "";
			targets = (
				3281716B2D033E55000D8938 /* SwiggyAssignment */,
			);
		};
/* End PBXProject section */

/* Begin PBXResourcesBuildPhase section */
		3281716A2D033E55000D8938 /* Resources */ = {
			isa = PBXResourcesBuildPhase;
			buildActionMask = 2147483647;
			files = (
				58DFD8642D04779C00112FA4 /* bannerSliderTableViewCell.xib in Resources */,
				58DFD85E2D0461B200112FA4 /* CustomHeaderView.xib in Resources */,
				328171792D033E56000D8938 /* Assets.xcassets in Resources */,
				58DFD8712D048C2D00112FA4 /* ButtonsCollectionViewCell.xib in Resources */,
				58DFD86D2D048BBE00112FA4 /* ButtonsTableViewCell.xib in Resources */,
				3281717C2D033E56000D8938 /* Base in Resources */,
				58DFD85F2D04674500112FA4 /* LaunchScreen.storyboard in Resources */,
				58DFD8792D04A51700112FA4 /* FoodTableViewCell.xib in Resources */,
				58DFD8692D047DBF00112FA4 /* BannerCollectionViewCell.xib in Resources */,
				328171772D033E55000D8938 /* Base in Resources */,
				58DFD87D2D04A58900112FA4 /* FoodCollectionViewCell.xib in Resources */,
			);
			runOnlyForDeploymentPostprocessing = 0;
		};
/* End PBXResourcesBuildPhase section */

/* Begin PBXSourcesBuildPhase section */
		328171682D033E55000D8938 /* Sources */ = {
			isa = PBXSourcesBuildPhase;
			buildActionMask = 2147483647;
			files = (
				58DFD8752D04915E00112FA4 /* ButtonModel.swift in Sources */,
				58DFD85C2D04618200112FA4 /* CustomHeaderView.swift in Sources */,
				328171742D033E55000D8938 /* HomeViewController.swift in Sources */,
				58DFD87C2D04A58900112FA4 /* FoodCollectionViewCell.swift in Sources */,
				58DFD8632D04779C00112FA4 /* bannerSliderTableViewCell.swift in Sources */,
				58DFD8682D047DBF00112FA4 /* BannerCollectionViewCell.swift in Sources */,
				58DFD8782D04A51700112FA4 /* FoodTableViewCell.swift in Sources */,
				58DFD8732D048E0900112FA4 /* CustomButton.swift in Sources */,
				58DFD8582D04606200112FA4 /* SearchBarWithMic.swift in Sources */,
				328171702D033E55000D8938 /* AppDelegate.swift in Sources */,
				328171722D033E55000D8938 /* SceneDelegate.swift in Sources */,
				58DFD86C2D048BBE00112FA4 /* ButtonsTableViewCell.swift in Sources */,
				58DFD8702D048C2D00112FA4 /* ButtonsCollectionViewCell.swift in Sources */,
			);
			runOnlyForDeploymentPostprocessing = 0;
		};
/* End PBXSourcesBuildPhase section */

/* Begin PBXVariantGroup section */
		328171752D033E55000D8938 /* Main.storyboard */ = {
			isa = PBXVariantGroup;
			children = (
				328171762D033E55000D8938 /* Base */,
			);
			name = Main.storyboard;
			sourceTree = "<group>";
		};
		3281717A2D033E56000D8938 /* LaunchScreen.storyboard */ = {
			isa = PBXVariantGroup;
			children = (
				3281717B2D033E56000D8938 /* Base */,
			);
			name = LaunchScreen.storyboard;
			sourceTree = "<group>";
		};
/* End PBXVariantGroup section */

/* Begin XCBuildConfiguration section */
		3281717E2D033E56000D8938 /* Debug */ = {
			isa = XCBuildConfiguration;
			buildSettings = {
				ALWAYS_SEARCH_USER_PATHS = NO;
				ASSETCATALOG_COMPILER_GENERATE_SWIFT_ASSET_SYMBOL_EXTENSIONS = YES;
				CLANG_ANALYZER_NONNULL = YES;
				CLANG_ANALYZER_NUMBER_OBJECT_CONVERSION = YES_AGGRESSIVE;
				CLANG_CXX_LANGUAGE_STANDARD = "gnu++20";
				CLANG_ENABLE_MODULES = YES;
				CLANG_ENABLE_OBJC_ARC = YES;
				CLANG_ENABLE_OBJC_WEAK = YES;
				CLANG_WARN_BLOCK_CAPTURE_AUTORELEASING = YES;
				CLANG_WARN_BOOL_CONVERSION = YES;
				CLANG_WARN_COMMA = YES;
				CLANG_WARN_CONSTANT_CONVERSION = YES;
				CLANG_WARN_DEPRECATED_OBJC_IMPLEMENTATIONS = YES;
				CLANG_WARN_DIRECT_OBJC_ISA_USAGE = YES_ERROR;
				CLANG_WARN_DOCUMENTATION_COMMENTS = YES;
				CLANG_WARN_EMPTY_BODY = YES;
				CLANG_WARN_ENUM_CONVERSION = YES;
				CLANG_WARN_INFINITE_RECURSION = YES;
				CLANG_WARN_INT_CONVERSION = YES;
				CLANG_WARN_NON_LITERAL_NULL_CONVERSION = YES;
				CLANG_WARN_OBJC_IMPLICIT_RETAIN_SELF = YES;
				CLANG_WARN_OBJC_LITERAL_CONVERSION = YES;
				CLANG_WARN_OBJC_ROOT_CLASS = YES_ERROR;
				CLANG_WARN_QUOTED_INCLUDE_IN_FRAMEWORK_HEADER = YES;
				CLANG_WARN_RANGE_LOOP_ANALYSIS = YES;
				CLANG_WARN_STRICT_PROTOTYPES = YES;
				CLANG_WARN_SUSPICIOUS_MOVE = YES;
				CLANG_WARN_UNGUARDED_AVAILABILITY = YES_AGGRESSIVE;
				CLANG_WARN_UNREACHABLE_CODE = YES;
				CLANG_WARN__DUPLICATE_METHOD_MATCH = YES;
				COPY_PHASE_STRIP = NO;
				DEBUG_INFORMATION_FORMAT = dwarf;
				ENABLE_STRICT_OBJC_MSGSEND = YES;
				ENABLE_TESTABILITY = YES;
				ENABLE_USER_SCRIPT_SANDBOXING = YES;
				GCC_C_LANGUAGE_STANDARD = gnu17;
				GCC_DYNAMIC_NO_PIC = NO;
				GCC_NO_COMMON_BLOCKS = YES;
				GCC_OPTIMIZATION_LEVEL = 0;
				GCC_PREPROCESSOR_DEFINITIONS = (
					"DEBUG=1",
					"$(inherited)",
				);
				GCC_WARN_64_TO_32_BIT_CONVERSION = YES;
				GCC_WARN_ABOUT_RETURN_TYPE = YES_ERROR;
				GCC_WARN_UNDECLARED_SELECTOR = YES;
				GCC_WARN_UNINITIALIZED_AUTOS = YES_AGGRESSIVE;
				GCC_WARN_UNUSED_FUNCTION = YES;
				GCC_WARN_UNUSED_VARIABLE = YES;
				IPHONEOS_DEPLOYMENT_TARGET = 17.5;
				LOCALIZATION_PREFERS_STRING_CATALOGS = YES;
				MTL_ENABLE_DEBUG_INFO = INCLUDE_SOURCE;
				MTL_FAST_MATH = YES;
				ONLY_ACTIVE_ARCH = YES;
				SDKROOT = iphoneos;
				SWIFT_ACTIVE_COMPILATION_CONDITIONS = "DEBUG $(inherited)";
				SWIFT_OPTIMIZATION_LEVEL = "-Onone";
			};
			name = Debug;
		};
		3281717F2D033E56000D8938 /* Release */ = {
			isa = XCBuildConfiguration;
			buildSettings = {
				ALWAYS_SEARCH_USER_PATHS = NO;
				ASSETCATALOG_COMPILER_GENERATE_SWIFT_ASSET_SYMBOL_EXTENSIONS = YES;
				CLANG_ANALYZER_NONNULL = YES;
				CLANG_ANALYZER_NUMBER_OBJECT_CONVERSION = YES_AGGRESSIVE;
				CLANG_CXX_LANGUAGE_STANDARD = "gnu++20";
				CLANG_ENABLE_MODULES = YES;
				CLANG_ENABLE_OBJC_ARC = YES;
				CLANG_ENABLE_OBJC_WEAK = YES;
				CLANG_WARN_BLOCK_CAPTURE_AUTORELEASING = YES;
				CLANG_WARN_BOOL_CONVERSION = YES;
				CLANG_WARN_COMMA = YES;
				CLANG_WARN_CONSTANT_CONVERSION = YES;
				CLANG_WARN_DEPRECATED_OBJC_IMPLEMENTATIONS = YES;
				CLANG_WARN_DIRECT_OBJC_ISA_USAGE = YES_ERROR;
				CLANG_WARN_DOCUMENTATION_COMMENTS = YES;
				CLANG_WARN_EMPTY_BODY = YES;
				CLANG_WARN_ENUM_CONVERSION = YES;
				CLANG_WARN_INFINITE_RECURSION = YES;
				CLANG_WARN_INT_CONVERSION = YES;
				CLANG_WARN_NON_LITERAL_NULL_CONVERSION = YES;
				CLANG_WARN_OBJC_IMPLICIT_RETAIN_SELF = YES;
				CLANG_WARN_OBJC_LITERAL_CONVERSION = YES;
				CLANG_WARN_OBJC_ROOT_CLASS = YES_ERROR;
				CLANG_WARN_QUOTED_INCLUDE_IN_FRAMEWORK_HEADER = YES;
				CLANG_WARN_RANGE_LOOP_ANALYSIS = YES;
				CLANG_WARN_STRICT_PROTOTYPES = YES;
				CLANG_WARN_SUSPICIOUS_MOVE = YES;
				CLANG_WARN_UNGUARDED_AVAILABILITY = YES_AGGRESSIVE;
				CLANG_WARN_UNREACHABLE_CODE = YES;
				CLANG_WARN__DUPLICATE_METHOD_MATCH = YES;
				COPY_PHASE_STRIP = NO;
				DEBUG_INFORMATION_FORMAT = "dwarf-with-dsym";
				ENABLE_NS_ASSERTIONS = NO;
				ENABLE_STRICT_OBJC_MSGSEND = YES;
				ENABLE_USER_SCRIPT_SANDBOXING = YES;
				GCC_C_LANGUAGE_STANDARD = gnu17;
				GCC_NO_COMMON_BLOCKS = YES;
				GCC_WARN_64_TO_32_BIT_CONVERSION = YES;
				GCC_WARN_ABOUT_RETURN_TYPE = YES_ERROR;
				GCC_WARN_UNDECLARED_SELECTOR = YES;
				GCC_WARN_UNINITIALIZED_AUTOS = YES_AGGRESSIVE;
				GCC_WARN_UNUSED_FUNCTION = YES;
				GCC_WARN_UNUSED_VARIABLE = YES;
				IPHONEOS_DEPLOYMENT_TARGET = 17.5;
				LOCALIZATION_PREFERS_STRING_CATALOGS = YES;
				MTL_ENABLE_DEBUG_INFO = NO;
				MTL_FAST_MATH = YES;
				SDKROOT = iphoneos;
				SWIFT_COMPILATION_MODE = wholemodule;
				VALIDATE_PRODUCT = YES;
			};
			name = Release;
		};
		328171812D033E56000D8938 /* Debug */ = {
			isa = XCBuildConfiguration;
			buildSettings = {
				ASSETCATALOG_COMPILER_APPICON_NAME = AppIcon;
				ASSETCATALOG_COMPILER_GLOBAL_ACCENT_COLOR_NAME = AccentColor;
				CODE_SIGN_STYLE = Automatic;
				CURRENT_PROJECT_VERSION = 1;
				GENERATE_INFOPLIST_FILE = YES;
				INFOPLIST_FILE = SwiggyAssignment/Info.plist;
				INFOPLIST_KEY_UIApplicationSupportsIndirectInputEvents = YES;
				INFOPLIST_KEY_UILaunchScreen_Generation = NO;
				INFOPLIST_KEY_UILaunchStoryboardName = LaunchScreen;
				INFOPLIST_KEY_UIMainStoryboardFile = Main;
				INFOPLIST_KEY_UISupportedInterfaceOrientations_iPad = "UIInterfaceOrientationPortrait UIInterfaceOrientationPortraitUpsideDown UIInterfaceOrientationLandscapeLeft UIInterfaceOrientationLandscapeRight";
				INFOPLIST_KEY_UISupportedInterfaceOrientations_iPhone = "UIInterfaceOrientationPortrait UIInterfaceOrientationLandscapeLeft UIInterfaceOrientationLandscapeRight";
				IPHONEOS_DEPLOYMENT_TARGET = 15.5;
				LD_RUNPATH_SEARCH_PATHS = (
					"$(inherited)",
					"@executable_path/Frameworks",
				);
				MARKETING_VERSION = 1.0;
				PRODUCT_BUNDLE_IDENTIFIER = com.tets.SwiggyAssignment;
				PRODUCT_NAME = "$(TARGET_NAME)";
				SWIFT_EMIT_LOC_STRINGS = YES;
				SWIFT_VERSION = 5.0;
				TARGETED_DEVICE_FAMILY = "1,2";
			};
			name = Debug;
		};
		328171822D033E56000D8938 /* Release */ = {
			isa = XCBuildConfiguration;
			buildSettings = {
				ASSETCATALOG_COMPILER_APPICON_NAME = AppIcon;
				ASSETCATALOG_COMPILER_GLOBAL_ACCENT_COLOR_NAME = AccentColor;
				CODE_SIGN_STYLE = Automatic;
				CURRENT_PROJECT_VERSION = 1;
				GENERATE_INFOPLIST_FILE = YES;
				INFOPLIST_FILE = SwiggyAssignment/Info.plist;
				INFOPLIST_KEY_UIApplicationSupportsIndirectInputEvents = YES;
				INFOPLIST_KEY_UILaunchScreen_Generation = NO;
				INFOPLIST_KEY_UILaunchStoryboardName = LaunchScreen;
				INFOPLIST_KEY_UIMainStoryboardFile = Main;
				INFOPLIST_KEY_UISupportedInterfaceOrientations_iPad = "UIInterfaceOrientationPortrait UIInterfaceOrientationPortraitUpsideDown UIInterfaceOrientationLandscapeLeft UIInterfaceOrientationLandscapeRight";
				INFOPLIST_KEY_UISupportedInterfaceOrientations_iPhone = "UIInterfaceOrientationPortrait UIInterfaceOrientationLandscapeLeft UIInterfaceOrientationLandscapeRight";
				IPHONEOS_DEPLOYMENT_TARGET = 15.5;
				LD_RUNPATH_SEARCH_PATHS = (
					"$(inherited)",
					"@executable_path/Frameworks",
				);
				MARKETING_VERSION = 1.0;
				PRODUCT_BUNDLE_IDENTIFIER = com.tets.SwiggyAssignment;
				PRODUCT_NAME = "$(TARGET_NAME)";
				SWIFT_EMIT_LOC_STRINGS = YES;
				SWIFT_VERSION = 5.0;
				TARGETED_DEVICE_FAMILY = "1,2";
			};
			name = Release;
		};
/* End XCBuildConfiguration section */

/* Begin XCConfigurationList section */
		328171672D033E54000D8938 /* Build configuration list for PBXProject "SwiggyAssignment" */ = {
			isa = XCConfigurationList;
			buildConfigurations = (
				3281717E2D033E56000D8938 /* Debug */,
				3281717F2D033E56000D8938 /* Release */,
			);
			defaultConfigurationIsVisible = 0;
			defaultConfigurationName = Release;
		};
		328171802D033E56000D8938 /* Build configuration list for PBXNativeTarget "SwiggyAssignment" */ = {
			isa = XCConfigurationList;
			buildConfigurations = (
				328171812D033E56000D8938 /* Debug */,
				328171822D033E56000D8938 /* Release */,
			);
			defaultConfigurationIsVisible = 0;
			defaultConfigurationName = Release;
		};
/* End XCConfigurationList section */
	};
	rootObject = 328171642D033E54000D8938 /* Project object */;
}
